
Microsoft Visual Studio Solution File, Format Version 12.00
# Visual Studio Version 16
VisualStudioVersion = 16.0.30523.141
MinimumVisualStudioVersion = 10.0.40219.1
Project("{FAE04EC0-301F-11D3-BF4B-00C04F79EFBC}") = "lab5", "lab5.csproj", "{0D60D4EE-EA31-433E-9990-99B085D0D08C}"
EndProject
Global
	GlobalSection(SolutionConfigurationPlatforms) = preSolution
		Debug|Any CPU = Debug|Any CPU
		Release|Any CPU = Release|Any CPU
	EndGlobalSection
	GlobalSection(ProjectConfigurationPlatforms) = postSolution
		{0D60D4EE-EA31-433E-9990-99B085D0D08C}.Debug|Any CPU.ActiveCfg = Debug|Any CPU
		{0D60D4EE-EA31-433E-9990-99B085D0D08C}.Debug|Any CPU.Build.0 = Debug|Any CPU
		{0D60D4EE-EA31-433E-9990-99B085D0D08C}.Release|Any CPU.ActiveCfg = Release|Any CPU
		{0D60D4EE-EA31-433E-9990-99B085D0D08C}.Release|Any CPU.Build.0 = Release|Any CPU
	EndGlobalSection
	GlobalSection(SolutionProperties) = preSolution
		HideSolutionNode = FALSE
	EndGlobalSection
	GlobalSection(ExtensibilityGlobals) = postSolution
		SolutionGuid = {1DFA2243-0260-4202-994D-B9F78B496BED}
	EndGlobalSection
EndGlobal
